{
  "requires": true,
  "lockfileVersion": 1,
  "dependencies": {
    "classnames": {
      "version": "2.3.1",
      "resolved": "https://registry.npmjs.org/classnames/-/classnames-2.3.1.tgz",
      "integrity": "sha512-OlQdbZ7gLfGarSqxesMesDa5uz7KFbID8Kpq/SxIoNGDqY8lSYs0D+hhtBXhcdB3rcbXArFr7vlHheLk1voeNA=="
    },
    "react-sortablejs": {
      "version": "6.1.0",
      "resolved": "https://registry.npmjs.org/react-sortablejs/-/react-sortablejs-6.1.0.tgz",
      "integrity": "sha512-IP5ei+VlrYf//jNbX+YLBHqtivHhlAOlrKiUcE2SJGRvBuTasyeRGSimnzY//yLUO1Iu8H0D5WppBe9o7WO36Q==",
      "requires": {
        "classnames": "2.3.1",
        "tiny-invariant": "1.2.0"
      }
    },
    "sortablejs": {
      "version": "1.14.0",
      "resolved": "https://registry.npmjs.org/sortablejs/-/sortablejs-1.14.0.tgz",
      "integrity": "sha512-pBXvQCs5/33fdN1/39pPL0NZF20LeRbLQ5jtnheIPN9JQAaufGjKdWduZn4U7wCtVuzKhmRkI0DFYHYRbB2H1w=="
    },
    "tiny-invariant": {
      "version": "1.2.0",
      "resolved": "https://registry.npmjs.org/tiny-invariant/-/tiny-invariant-1.2.0.tgz",
      "integrity": "sha512-1Uhn/aqw5C6RI4KejVeTg6mIS7IqxnLJ8Mv2tV5rTc0qWobay7pDUz6Wi392Cnc8ak1H0F2cjoRzb2/AW4+Fvg=="
    }
  }
}
